<Solution>
  <Project Path="../InventoryApi.Tests/InventoryApi.Tests.csproj" />
  <Project Path="InventoryApi.csproj" />
  <Project Path="../Inventory.Domain/Inventory.Domain.csproj" />
  <Project Path="../Inventory.Application/Inventory.Application.csproj" />
  <Project Path="../Inventory.Infrastructure/Inventory.Infrastructure.csproj" />
</Solution>
